Microsoft Visual Studio Solution File, Format Version 12.00
# Visual Studio Version 17
VisualStudioVersion = 17.5.2.0
MinimumVisualStudioVersion = 10.0.40219.1
Project("{FAE04EC0-301F-11D3-BF4B-00C04F79EFBC}") = "FamilyHub.Api", "FamilyHub.Api\FamilyHub.Api.csproj", "{0E4774C8-0CC2-A9F5-D007-295A19C48D28}"
EndProject
Global
	GlobalSection(SolutionConfigurationPlatforms) = preSolution
		Debug|Any CPU = Debug|Any CPU
		Release|Any CPU = Release|Any CPU
	EndGlobalSection
	GlobalSection(ProjectConfigurationPlatforms) = postSolution
		{0E4774C8-0CC2-A9F5-D007-295A19C48D28}.Debug|Any CPU.ActiveCfg = Debug|Any CPU
		{0E4774C8-0CC2-A9F5-D007-295A19C48D28}.Debug|Any CPU.Build.0 = Debug|Any CPU
		{0E4774C8-0CC2-A9F5-D007-295A19C48D28}.Release|Any CPU.ActiveCfg = Release|Any CPU
		{0E4774C8-0CC2-A9F5-D007-295A19C48D28}.Release|Any CPU.Build.0 = Release|Any CPU
	EndGlobalSection
	GlobalSection(SolutionProperties) = preSolution
		HideSolutionNode = FALSE
	EndGlobalSection
	GlobalSection(ExtensibilityGlobals) = postSolution
		SolutionGuid = {5886CC2C-743E-48D2-83DB-7209A34B9349}
	EndGlobalSection
EndGlobal
